// !$*UTF8*$!
{
	archiveVersion = 1;
	classes = {
	};
	objectVersion = 46;
	objects = {

/* Begin PBXBuildFile section */
		1BBDF261138AFCE0EDA069AD /* GameScene.swift in Sources */ = {isa = PBXBuildFile; fileRef = 1BBDF6E7010D194C83A72A47 /* GameScene.swift */; };
		1BBDF4C819E13969C3CEAE9E /* Actions.sks in Resources */ = {isa = PBXBuildFile; fileRef = 1BBDFF494D86D626E4D10953 /* Actions.sks */; };
		1BBDF6918888617F2FEAEFCD /* GameScene.sks in Resources */ = {isa = PBXBuildFile; fileRef = 1BBDF1B7A90958A9B762FCB7 /* GameScene.sks */; };
		1BBDF9BCC6DA19DABC34A1D9 /* ViewController.swift in Sources */ = {isa = PBXBuildFile; fileRef = 1BBDFF9F231C86147B987173 /* ViewController.swift */; };
		1BBDFD39CC00C50C0CAA951E /* AppDelegate.swift in Sources */ = {isa = PBXBuildFile; fileRef = 1BBDF984A986754B787A8D58 /* AppDelegate.swift */; };
		1BBDFD52200C1DEA7514F13A /* Main.storyboard in Resources */ = {isa = PBXBuildFile; fileRef = 1BBDF789932B6022739CE959 /* Main.storyboard */; };
		1BBDFD96A9F00FCCE2E176FB /* Assets.xcassets in Resources */ = {isa = PBXBuildFile; fileRef = 1BBDF3578D439ABA871AC2E3 /* Assets.xcassets */; };
/* End PBXBuildFile section */

/* Begin PBXFileReference section */
		1BBDF1B7A90958A9B762FCB7 /* GameScene.sks */ = {isa = PBXFileReference; lastKnownFileType = file.sks; path = GameScene.sks; sourceTree = "<group>"; };
		1BBDF20AEFC1DD5D700B1C9C /* Base */ = {isa = PBXFileReference; lastKnownFileType = file.storyboard; name = Base; path = Base.lproj/Main.storyboard; sourceTree = "<group>"; };
		1BBDF2E7D0226735C80A871C /* Discharge.app */ = {isa = PBXFileReference; explicitFileType = wrapper.application; includeInIndex = 0; path = Discharge.app; sourceTree = BUILT_PRODUCTS_DIR; };
		1BBDF3578D439ABA871AC2E3 /* Assets.xcassets */ = {isa = PBXFileReference; lastKnownFileType = folder.assetcatalog; path = Assets.xcassets; sourceTree = "<group>"; };
		1BBDF5D81FEECBB8C1D2B114 /* Discharge.entitlements */ = {isa = PBXFileReference; lastKnownFileType = text.plist.entitlements; path = Discharge.entitlements; sourceTree = "<group>"; };
		1BBDF6E7010D194C83A72A47 /* GameScene.swift */ = {isa = PBXFileReference; lastKnownFileType = sourcecode.swift; path = GameScene.swift; sourceTree = "<group>"; };
		1BBDF984A986754B787A8D58 /* AppDelegate.swift */ = {isa = PBXFileReference; lastKnownFileType = sourcecode.swift; path = AppDelegate.swift; sourceTree = "<group>"; };
		1BBDFEC98C71F359E08E2F95 /* Info.plist */ = {isa = PBXFileReference; lastKnownFileType = text.plist.info; path = Info.plist; sourceTree = "<group>"; };
		1BBDFF494D86D626E4D10953 /* Actions.sks */ = {isa = PBXFileReference; lastKnownFileType = file.sks; path = Actions.sks; sourceTree = "<group>"; };
		1BBDFF9F231C86147B987173 /* ViewController.swift */ = {isa = PBXFileReference; lastKnownFileType = sourcecode.swift; path = ViewController.swift; sourceTree = "<group>"; };
/* End PBXFileReference section */

/* Begin PBXFrameworksBuildPhase section */
		1BBDFB9814C81ACCDE850150 /* Frameworks */ = {
			isa = PBXFrameworksBuildPhase;
			buildActionMask = 2147483647;
			files = (
			);
			runOnlyForDeploymentPostprocessing = 0;
		};
/* End PBXFrameworksBuildPhase section */

/* Begin PBXGroup section */
		1BBDF620D97E062093BC0664 /* Discharge */ = {
			isa = PBXGroup;
			children = (
				1BBDFEC98C71F359E08E2F95 /* Info.plist */,
				1BBDF3578D439ABA871AC2E3 /* Assets.xcassets */,
				1BBDF5D81FEECBB8C1D2B114 /* Discharge.entitlements */,
				1BBDF984A986754B787A8D58 /* AppDelegate.swift */,
				1BBDF1B7A90958A9B762FCB7 /* GameScene.sks */,
				1BBDFF494D86D626E4D10953 /* Actions.sks */,
				1BBDF789932B6022739CE959 /* Main.storyboard */,
				1BBDF6E7010D194C83A72A47 /* GameScene.swift */,
				1BBDFF9F231C86147B987173 /* ViewController.swift */,
			);
			path = Discharge;
			sourceTree = "<group>";
		};
		1BBDF67F9BA4B1F73612159C = {
			isa = PBXGroup;
			children = (
				1BBDFA5A8F9A9AD0F04B3EF5 /* Products */,
				1BBDF620D97E062093BC0664 /* Discharge */,
			);
			sourceTree = "<group>";
		};
		1BBDFA5A8F9A9AD0F04B3EF5 /* Products */ = {
			isa = PBXGroup;
			children = (
				1BBDF2E7D0226735C80A871C /* Discharge.app */,
			);
			name = Products;
			sourceTree = "<group>";
		};
/* End PBXGroup section */

/* Begin PBXNativeTarget section */
		1BBDF9B948CF7816753A3121 /* Discharge */ = {
			isa = PBXNativeTarget;
			buildConfigurationList = 1BBDF716BBDD7C0B2B33CAFC /* Build configuration list for PBXNativeTarget "Discharge" */;
			buildPhases = (
				1BBDF8E35B53F9789FA4DD70 /* Sources */,
				1BBDFB9814C81ACCDE850150 /* Frameworks */,
				1BBDF6877E75FC0884C04C0E /* Resources */,
			);
			buildRules = (
			);
			dependencies = (
			);
			name = Discharge;
			productName = Discharge;
			productReference = 1BBDF2E7D0226735C80A871C /* Discharge.app */;
			productType = "com.apple.product-type.application";
		};
/* End PBXNativeTarget section */

/* Begin PBXProject section */
		1BBDF3DA9EE264613EDD5504 /* Project object */ = {
			isa = PBXProject;
			attributes = {
				ORGANIZATIONNAME = "Sam Gauck";
			};
			buildConfigurationList = 1BBDF364705EC75578C1EA6B /* Build configuration list for PBXProject "Discharge" */;
			compatibilityVersion = "Xcode 3.2";
			developmentRegion = English;
			hasScannedForEncodings = 0;
			knownRegions = (
				en,
			);
			mainGroup = 1BBDF67F9BA4B1F73612159C;
			productRefGroup = 1BBDFA5A8F9A9AD0F04B3EF5 /* Products */;
			projectDirPath = "";
			projectRoot = "";
			targets = (
				1BBDF9B948CF7816753A3121 /* Discharge */,
			);
		};
/* End PBXProject section */

/* Begin PBXResourcesBuildPhase section */
		1BBDF6877E75FC0884C04C0E /* Resources */ = {
			isa = PBXResourcesBuildPhase;
			buildActionMask = 2147483647;
			files = (
				1BBDFD96A9F00FCCE2E176FB /* Assets.xcassets in Resources */,
				1BBDF6918888617F2FEAEFCD /* GameScene.sks in Resources */,
				1BBDF4C819E13969C3CEAE9E /* Actions.sks in Resources */,
				1BBDFD52200C1DEA7514F13A /* Main.storyboard in Resources */,
			);
			runOnlyForDeploymentPostprocessing = 0;
		};
/* End PBXResourcesBuildPhase section */

/* Begin PBXSourcesBuildPhase section */
		1BBDF8E35B53F9789FA4DD70 /* Sources */ = {
			isa = PBXSourcesBuildPhase;
			buildActionMask = 2147483647;
			files = (
				1BBDFD39CC00C50C0CAA951E /* AppDelegate.swift in Sources */,
				1BBDF261138AFCE0EDA069AD /* GameScene.swift in Sources */,
				1BBDF9BCC6DA19DABC34A1D9 /* ViewController.swift in Sources */,
			);
			runOnlyForDeploymentPostprocessing = 0;
		};
/* End PBXSourcesBuildPhase section */

/* Begin PBXVariantGroup section */
		1BBDF789932B6022739CE959 /* Main.storyboard */ = {
			isa = PBXVariantGroup;
			children = (
				1BBDF20AEFC1DD5D700B1C9C /* Base */,
			);
			name = Main.storyboard;
			sourceTree = "<group>";
		};
/* End PBXVariantGroup section */

/* Begin XCBuildConfiguration section */
		1BBDF3E84B30A4B16C918ED3 /* Debug */ = {
			isa = XCBuildConfiguration;
			buildSettings = {
				ASSETCATALOG_COMPILER_APPICON_NAME = AppIcon;
				CODE_SIGN_ENTITLEMENTS = Discharge/Discharge.entitlements;
				COMBINE_HIDPI_IMAGES = YES;
				INFOPLIST_FILE = Discharge/Info.plist;
				LD_RUNPATH_SEARCH_PATHS = "$(inherited) @executable_path/../Frameworks";
				PRODUCT_BUNDLE_IDENTIFIER = com.gauck.sam.Discharge;
				PRODUCT_NAME = "$(TARGET_NAME)";
				SWIFT_VERSION = 4.0;
			};
			name = Debug;
		};
		1BBDF56BA86ACB077F086282 /* Release */ = {
			isa = XCBuildConfiguration;
			buildSettings = {
				ASSETCATALOG_COMPILER_APPICON_NAME = AppIcon;
				CODE_SIGN_ENTITLEMENTS = Discharge/Discharge.entitlements;
				COMBINE_HIDPI_IMAGES = YES;
				INFOPLIST_FILE = Discharge/Info.plist;
				LD_RUNPATH_SEARCH_PATHS = "$(inherited) @executable_path/../Frameworks";
				PRODUCT_BUNDLE_IDENTIFIER = com.gauck.sam.Discharge;
				PRODUCT_NAME = "$(TARGET_NAME)";
				SWIFT_VERSION = 4.0;
			};
			name = Release;
		};
		1BBDF5C28BC25F9B8FD08CB4 /* Debug */ = {
			isa = XCBuildConfiguration;
			buildSettings = {
				ALWAYS_SEARCH_USER_PATHS = NO;
				CLANG_ANALYZER_NONNULL = YES;
				CLANG_ANALYZER_NUMBER_OBJECT_CONVERSION = YES_AGGRESSIVE;
				CLANG_CXX_LANGUAGE_STANDARD = "gnu++14";
				CLANG_CXX_LIBRARY = "libc++";
				CLANG_ENABLE_MODULES = YES;
				CLANG_ENABLE_OBJC_ARC = YES;
				CLANG_ENABLE_OBJC_WEAK = YES;
				CLANG_WARN_BLOCK_CAPTURE_AUTORELEASING = YES;
				CLANG_WARN_BOOL_CONVERSION = YES;
				CLANG_WARN_COMMA = YES;
				CLANG_WARN_CONSTANT_CONVERSION = YES;
				CLANG_WARN_DEPRECATED_OBJC_IMPLEMENTATIONS = YES;
				CLANG_WARN_DIRECT_OBJC_ISA_USAGE = YES_ERROR;
				CLANG_WARN_DOCUMENTATION_COMMENTS = YES;
				CLANG_WARN_EMPTY_BODY = YES;
				CLANG_WARN_ENUM_CONVERSION = YES;
				CLANG_WARN_INFINITE_RECURSION = YES;
				CLANG_WARN_INT_CONVERSION = YES;
				CLANG_WARN_NON_LITERAL_NULL_CONVERSION = YES;
				CLANG_WARN_OBJC_IMPLICIT_RETAIN_SELF = YES;
				CLANG_WARN_OBJC_LITERAL_CONVERSION = YES;
				CLANG_WARN_OBJC_ROOT_CLASS = YES_ERROR;
				CLANG_WARN_RANGE_LOOP_ANALYSIS = YES;
				CLANG_WARN_STRICT_PROTOTYPES = YES;
				CLANG_WARN_SUSPICIOUS_MOVE = YES;
				CLANG_WARN_UNGUARDED_AVAILABILITY = YES_AGGRESSIVE;
				CLANG_WARN_UNREACHABLE_CODE = YES;
				CLANG_WARN__DUPLICATE_METHOD_MATCH = YES;
				CODE_SIGN_IDENTITY = "-";
				COPY_PHASE_STRIP = NO;
				DEBUG_INFORMATION_FORMAT = dwarf;
				ENABLE_STRICT_OBJC_MSGSEND = YES;
				ENABLE_TESTABILITY = YES;
				GCC_C_LANGUAGE_STANDARD = gnu11;
				GCC_DYNAMIC_NO_PIC = NO;
				GCC_NO_COMMON_BLOCKS = YES;
				GCC_OPTIMIZATION_LEVEL = 0;
				GCC_PREPROCESSOR_DEFINITIONS = (
					"DEBUG=1",
					"$(inherited)",
				);
				GCC_WARN_64_TO_32_BIT_CONVERSION = YES;
				GCC_WARN_ABOUT_RETURN_TYPE = YES_ERROR;
				GCC_WARN_UNDECLARED_SELECTOR = YES;
				GCC_WARN_UNINITIALIZED_AUTOS = YES_AGGRESSIVE;
				GCC_WARN_UNUSED_FUNCTION = YES;
				GCC_WARN_UNUSED_VARIABLE = YES;
				MACOSX_DEPLOYMENT_TARGET = 10.13;
				MTL_ENABLE_DEBUG_INFO = YES;
				ONLY_ACTIVE_ARCH = YES;
				SDKROOT = macosx;
				SWIFT_ACTIVE_COMPILATION_CONDITIONS = DEBUG;
				SWIFT_OPTIMIZATION_LEVEL = "-Onone";
			};
			name = Debug;
		};
		1BBDFD6BBEBA3E223A12668C /* Release */ = {
			isa = XCBuildConfiguration;
			buildSettings = {
				ALWAYS_SEARCH_USER_PATHS = NO;
				CLANG_ANALYZER_NONNULL = YES;
				CLANG_ANALYZER_NUMBER_OBJECT_CONVERSION = YES_AGGRESSIVE;
				CLANG_CXX_LANGUAGE_STANDARD = "gnu++14";
				CLANG_CXX_LIBRARY = "libc++";
				CLANG_ENABLE_MODULES = YES;
				CLANG_ENABLE_OBJC_ARC = YES;
				CLANG_ENABLE_OBJC_WEAK = YES;
				CLANG_WARN_BLOCK_CAPTURE_AUTORELEASING = YES;
				CLANG_WARN_BOOL_CONVERSION = YES;
				CLANG_WARN_COMMA = YES;
				CLANG_WARN_CONSTANT_CONVERSION = YES;
				CLANG_WARN_DEPRECATED_OBJC_IMPLEMENTATIONS = YES;
				CLANG_WARN_DIRECT_OBJC_ISA_USAGE = YES_ERROR;
				CLANG_WARN_DOCUMENTATION_COMMENTS = YES;
				CLANG_WARN_EMPTY_BODY = YES;
				CLANG_WARN_ENUM_CONVERSION = YES;
				CLANG_WARN_INFINITE_RECURSION = YES;
				CLANG_WARN_INT_CONVERSION = YES;
				CLANG_WARN_NON_LITERAL_NULL_CONVERSION = YES;
				CLANG_WARN_OBJC_IMPLICIT_RETAIN_SELF = YES;
				CLANG_WARN_OBJC_LITERAL_CONVERSION = YES;
				CLANG_WARN_OBJC_ROOT_CLASS = YES_ERROR;
				CLANG_WARN_RANGE_LOOP_ANALYSIS = YES;
				CLANG_WARN_STRICT_PROTOTYPES = YES;
				CLANG_WARN_SUSPICIOUS_MOVE = YES;
				CLANG_WARN_UNGUARDED_AVAILABILITY = YES_AGGRESSIVE;
				CLANG_WARN_UNREACHABLE_CODE = YES;
				CLANG_WARN__DUPLICATE_METHOD_MATCH = YES;
				CODE_SIGN_IDENTITY = "-";
				COPY_PHASE_STRIP = NO;
				DEBUG_INFORMATION_FORMAT = "dwarf-with-dsym";
				ENABLE_NS_ASSERTIONS = NO;
				ENABLE_STRICT_OBJC_MSGSEND = YES;
				GCC_C_LANGUAGE_STANDARD = gnu11;
				GCC_NO_COMMON_BLOCKS = YES;
				GCC_WARN_64_TO_32_BIT_CONVERSION = YES;
				GCC_WARN_ABOUT_RETURN_TYPE = YES_ERROR;
				GCC_WARN_UNDECLARED_SELECTOR = YES;
				GCC_WARN_UNINITIALIZED_AUTOS = YES_AGGRESSIVE;
				GCC_WARN_UNUSED_FUNCTION = YES;
				GCC_WARN_UNUSED_VARIABLE = YES;
				MACOSX_DEPLOYMENT_TARGET = 10.13;
				MTL_ENABLE_DEBUG_INFO = NO;
				SDKROOT = macosx;
				SWIFT_COMPILATION_MODE = wholemodule;
				SWIFT_OPTIMIZATION_LEVEL = "-O";
			};
			name = Release;
		};
/* End XCBuildConfiguration section */

/* Begin XCConfigurationList section */
		1BBDF364705EC75578C1EA6B /* Build configuration list for PBXProject "Discharge" */ = {
			isa = XCConfigurationList;
			buildConfigurations = (
				1BBDF5C28BC25F9B8FD08CB4 /* Debug */,
				1BBDFD6BBEBA3E223A12668C /* Release */,
			);
			defaultConfigurationIsVisible = 0;
			defaultConfigurationName = Release;
		};
		1BBDF716BBDD7C0B2B33CAFC /* Build configuration list for PBXNativeTarget "Discharge" */ = {
			isa = XCConfigurationList;
			buildConfigurations = (
				1BBDF3E84B30A4B16C918ED3 /* Debug */,
				1BBDF56BA86ACB077F086282 /* Release */,
			);
			defaultConfigurationIsVisible = 0;
		};
/* End XCConfigurationList section */
	};
	rootObject = 1BBDF3DA9EE264613EDD5504 /* Project object */;
}
